
Microsoft Visual Studio Solution File, Format Version 12.00
# Visual Studio 15
VisualStudioVersion = 15.0.28307.168
MinimumVisualStudioVersion = 10.0.40219.1
Project("{9A19103F-16F7-4668-BE54-9A1E7A4F7556}") = "AntiCSRFTest", "antiCSRFTest\AntiCSRFTest.csproj", "{474D2C57-59FE-4AF6-A3F7-10B9A91B4CF3}"
EndProject
Global
	GlobalSection(SolutionConfigurationPlatforms) = preSolution
		Debug|Any CPU = Debug|Any CPU
		Release|Any CPU = Release|Any CPU
	EndGlobalSection
	GlobalSection(ProjectConfigurationPlatforms) = postSolution
		{474D2C57-59FE-4AF6-A3F7-10B9A91B4CF3}.Debug|Any CPU.ActiveCfg = Debug|Any CPU
		{474D2C57-59FE-4AF6-A3F7-10B9A91B4CF3}.Debug|Any CPU.Build.0 = Debug|Any CPU
		{474D2C57-59FE-4AF6-A3F7-10B9A91B4CF3}.Release|Any CPU.ActiveCfg = Release|Any CPU
		{474D2C57-59FE-4AF6-A3F7-10B9A91B4CF3}.Release|Any CPU.Build.0 = Release|Any CPU
	EndGlobalSection
	GlobalSection(SolutionProperties) = preSolution
		HideSolutionNode = FALSE
	EndGlobalSection
	GlobalSection(ExtensibilityGlobals) = postSolution
		SolutionGuid = {BD1C293E-67A1-461D-93C6-E4D73E75784A}
	EndGlobalSection
EndGlobal
